
Microsoft Visual Studio Solution File, Format Version 12.00
# Visual Studio Version 17
VisualStudioVersion = 17.1.32421.90
MinimumVisualStudioVersion = 10.0.40219.1
Project("{FAE04EC0-301F-11D3-BF4B-00C04F79EFBC}") = "rainSimulator", "rainSimulator\rainSimulator.csproj", "{E138DABF-DCE6-42A9-90AC-202BED3F6A30}"
EndProject
Global
	GlobalSection(SolutionConfigurationPlatforms) = preSolution
		Debug|Any CPU = Debug|Any CPU
		Release|Any CPU = Release|Any CPU
	EndGlobalSection
	GlobalSection(ProjectConfigurationPlatforms) = postSolution
		{E138DABF-DCE6-42A9-90AC-202BED3F6A30}.Debug|Any CPU.ActiveCfg = Debug|Any CPU
		{E138DABF-DCE6-42A9-90AC-202BED3F6A30}.Debug|Any CPU.Build.0 = Debug|Any CPU
		{E138DABF-DCE6-42A9-90AC-202BED3F6A30}.Release|Any CPU.ActiveCfg = Release|Any CPU
		{E138DABF-DCE6-42A9-90AC-202BED3F6A30}.Release|Any CPU.Build.0 = Release|Any CPU
	EndGlobalSection
	GlobalSection(SolutionProperties) = preSolution
		HideSolutionNode = FALSE
	EndGlobalSection
	GlobalSection(ExtensibilityGlobals) = postSolution
		SolutionGuid = {1570CE7F-8D80-445A-9767-0BA46FC2C7A7}
	EndGlobalSection
EndGlobal
